
Microsoft Visual Studio Solution File, Format Version 12.00
# Visual Studio Version 18
VisualStudioVersion = 18.3.11520.95 d18.3
MinimumVisualStudioVersion = 10.0.40219.1
Project("{FAE04EC0-301F-11D3-BF4B-00C04F79EFBC}") = "Ex1_Currency_Converter", "Ex1_Currency_Converter.csproj", "{A6DB44E0-5A56-467D-A8D6-30EF7987B849}"
EndProject
Global
	GlobalSection(SolutionConfigurationPlatforms) = preSolution
		Debug|Any CPU = Debug|Any CPU
		Debug|ARM32 = Debug|ARM32
		Release|Any CPU = Release|Any CPU
		Release|ARM32 = Release|ARM32
	EndGlobalSection
	GlobalSection(ProjectConfigurationPlatforms) = postSolution
		{A6DB44E0-5A56-467D-A8D6-30EF7987B849}.Debug|Any CPU.ActiveCfg = Debug|Any CPU
		{A6DB44E0-5A56-467D-A8D6-30EF7987B849}.Debug|Any CPU.Build.0 = Debug|Any CPU
		{A6DB44E0-5A56-467D-A8D6-30EF7987B849}.Debug|ARM32.ActiveCfg = Debug|ARM32
		{A6DB44E0-5A56-467D-A8D6-30EF7987B849}.Debug|ARM32.Build.0 = Debug|ARM32
		{A6DB44E0-5A56-467D-A8D6-30EF7987B849}.Release|Any CPU.ActiveCfg = Release|Any CPU
		{A6DB44E0-5A56-467D-A8D6-30EF7987B849}.Release|Any CPU.Build.0 = Release|Any CPU
		{A6DB44E0-5A56-467D-A8D6-30EF7987B849}.Release|ARM32.ActiveCfg = Release|ARM32
		{A6DB44E0-5A56-467D-A8D6-30EF7987B849}.Release|ARM32.Build.0 = Release|ARM32
	EndGlobalSection
	GlobalSection(SolutionProperties) = preSolution
		HideSolutionNode = FALSE
	EndGlobalSection
	GlobalSection(ExtensibilityGlobals) = postSolution
		SolutionGuid = {EF9B7FA3-97E9-464E-9C27-7DB025B73CBD}
	EndGlobalSection
EndGlobal
